
Microsoft Visual Studio Solution File, Format Version 12.00
# Visual Studio Version 16
VisualStudioVersion = 16.0.30011.22
MinimumVisualStudioVersion = 10.0.40219.1
Project("{FAE04EC0-301F-11D3-BF4B-00C04F79EFBC}") = "KN", "KN\KN.csproj", "{0AF43BBC-A9D7-4E7B-96D6-51A89646B2C2}"
EndProject
Global
	GlobalSection(SolutionConfigurationPlatforms) = preSolution
		Debug|Any CPU = Debug|Any CPU
		Release|Any CPU = Release|Any CPU
	EndGlobalSection
	GlobalSection(ProjectConfigurationPlatforms) = postSolution
		{0AF43BBC-A9D7-4E7B-96D6-51A89646B2C2}.Debug|Any CPU.ActiveCfg = Debug|Any CPU
		{0AF43BBC-A9D7-4E7B-96D6-51A89646B2C2}.Debug|Any CPU.Build.0 = Debug|Any CPU
		{0AF43BBC-A9D7-4E7B-96D6-51A89646B2C2}.Release|Any CPU.ActiveCfg = Release|Any CPU
		{0AF43BBC-A9D7-4E7B-96D6-51A89646B2C2}.Release|Any CPU.Build.0 = Release|Any CPU
	EndGlobalSection
	GlobalSection(SolutionProperties) = preSolution
		HideSolutionNode = FALSE
	EndGlobalSection
	GlobalSection(ExtensibilityGlobals) = postSolution
		SolutionGuid = {6DFCE24F-1E8F-4D39-855F-538AC2F57E78}
	EndGlobalSection
EndGlobal
